// !$*UTF8*$!
{
	archiveVersion = 1;
	classes = {
	};
	objectVersion = 46;
	objects = {

/* Begin PBXBuildFile section */
		613D92C216BFB8C4008BA576 /* main.c in Sources */ = {isa = PBXBuildFile; fileRef = 613D92C116BFB8C4008BA576 /* main.c */; };
		613D92C416BFB8C4008BA576 /* bnetd.1 in CopyFiles */ = {isa = PBXBuildFile; fileRef = 613D92C316BFB8C4008BA576 /* bnetd.1 */; };
/* End PBXBuildFile section */

/* Begin PBXCopyFilesBuildPhase section */
		613D92BC16BFB8C4008BA576 /* CopyFiles */ = {
			isa = PBXCopyFilesBuildPhase;
			buildActionMask = 2147483647;
			dstPath = /usr/share/man/man1/;
			dstSubfolderSpec = 0;
			files = (
				613D92C416BFB8C4008BA576 /* bnetd.1 in CopyFiles */,
			);
			runOnlyForDeploymentPostprocessing = 1;
		};
/* End PBXCopyFilesBuildPhase section */

/* Begin PBXFileReference section */
		613D92BE16BFB8C4008BA576 /* bnetd */ = {isa = PBXFileReference; explicitFileType = "compiled.mach-o.executable"; includeInIndex = 0; path = bnetd; sourceTree = BUILT_PRODUCTS_DIR; };
		613D92C116BFB8C4008BA576 /* main.c */ = {isa = PBXFileReference; lastKnownFileType = sourcecode.c.c; path = main.c; sourceTree = "<group>"; };
		613D92C316BFB8C4008BA576 /* bnetd.1 */ = {isa = PBXFileReference; lastKnownFileType = text.man; path = bnetd.1; sourceTree = "<group>"; };
		613D930116BFB8FC008BA576 /* src.xcodeproj */ = {isa = PBXFileReference; lastKnownFileType = "wrapper.pb-project"; name = src.xcodeproj; path = "bnetd-0.4.25/src/src.xcodeproj"; sourceTree = "<group>"; };
		A57988F520339DA10096964C /* bnetd_prefix.h */ = {isa = PBXFileReference; fileEncoding = 4; lastKnownFileType = sourcecode.c.h; path = bnetd_prefix.h; sourceTree = "<group>"; };
/* End PBXFileReference section */

/* Begin PBXFrameworksBuildPhase section */
		613D92BB16BFB8C4008BA576 /* Frameworks */ = {
			isa = PBXFrameworksBuildPhase;
			buildActionMask = 2147483647;
			files = (
			);
			runOnlyForDeploymentPostprocessing = 0;
		};
/* End PBXFrameworksBuildPhase section */

/* Begin PBXGroup section */
		613D92B516BFB8C4008BA576 = {
			isa = PBXGroup;
			children = (
				613D92C016BFB8C4008BA576 /* bnetd */,
				613D92BF16BFB8C4008BA576 /* Products */,
			);
			sourceTree = "<group>";
		};
		613D92BF16BFB8C4008BA576 /* Products */ = {
			isa = PBXGroup;
			children = (
				613D92BE16BFB8C4008BA576 /* bnetd */,
			);
			name = Products;
			sourceTree = "<group>";
		};
		613D92C016BFB8C4008BA576 /* bnetd */ = {
			isa = PBXGroup;
			children = (
				613D930116BFB8FC008BA576 /* src.xcodeproj */,
				A57988F520339DA10096964C /* bnetd_prefix.h */,
				613D92C316BFB8C4008BA576 /* bnetd.1 */,
				613D92C116BFB8C4008BA576 /* main.c */,
			);
			path = bnetd;
			sourceTree = "<group>";
		};
		A51C336D17F07EC100462D28 /* Products */ = {
			isa = PBXGroup;
			children = (
			);
			name = Products;
			sourceTree = "<group>";
		};
/* End PBXGroup section */

/* Begin PBXNativeTarget section */
		613D92BD16BFB8C4008BA576 /* bnetd */ = {
			isa = PBXNativeTarget;
			buildConfigurationList = 613D92C716BFB8C4008BA576 /* Build configuration list for PBXNativeTarget "bnetd" */;
			buildPhases = (
				613D92BA16BFB8C4008BA576 /* Sources */,
				613D92BB16BFB8C4008BA576 /* Frameworks */,
				613D92BC16BFB8C4008BA576 /* CopyFiles */,
			);
			buildRules = (
			);
			dependencies = (
			);
			name = bnetd;
			productName = bnetd;
			productReference = 613D92BE16BFB8C4008BA576 /* bnetd */;
			productType = "com.apple.product-type.tool";
		};
/* End PBXNativeTarget section */

/* Begin PBXProject section */
		613D92B616BFB8C4008BA576 /* Project object */ = {
			isa = PBXProject;
			attributes = {
				LastUpgradeCheck = 0460;
				ORGANIZATIONNAME = "George Washington University";
			};
			buildConfigurationList = 613D92B916BFB8C4008BA576 /* Build configuration list for PBXProject "bnetd" */;
			compatibilityVersion = "Xcode 3.2";
			developmentRegion = English;
			hasScannedForEncodings = 0;
			knownRegions = (
				en,
			);
			mainGroup = 613D92B516BFB8C4008BA576;
			productRefGroup = 613D92BF16BFB8C4008BA576 /* Products */;
			projectDirPath = "";
			projectReferences = (
				{
					ProductGroup = A51C336D17F07EC100462D28 /* Products */;
					ProjectRef = 613D930116BFB8FC008BA576 /* src.xcodeproj */;
				},
			);
			projectRoot = "";
			targets = (
				613D92BD16BFB8C4008BA576 /* bnetd */,
			);
		};
/* End PBXProject section */

/* Begin PBXSourcesBuildPhase section */
		613D92BA16BFB8C4008BA576 /* Sources */ = {
			isa = PBXSourcesBuildPhase;
			buildActionMask = 2147483647;
			files = (
				613D92C216BFB8C4008BA576 /* main.c in Sources */,
			);
			runOnlyForDeploymentPostprocessing = 0;
		};
/* End PBXSourcesBuildPhase section */

/* Begin XCBuildConfiguration section */
		613D92C516BFB8C4008BA576 /* Debug */ = {
			isa = XCBuildConfiguration;
			buildSettings = {
				ALWAYS_SEARCH_USER_PATHS = NO;
				ARCHS = "$(ARCHS_STANDARD_32_64_BIT)";
				CLANG_CXX_LANGUAGE_STANDARD = "gnu++0x";
				CLANG_CXX_LIBRARY = "libc++";
				CLANG_WARN_CONSTANT_CONVERSION = YES;
				CLANG_WARN_EMPTY_BODY = YES;
				CLANG_WARN_ENUM_CONVERSION = YES;
				CLANG_WARN_INT_CONVERSION = YES;
				CLANG_WARN__DUPLICATE_METHOD_MATCH = YES;
				COPY_PHASE_STRIP = NO;
				DEBUG_INFORMATION_FORMAT = "dwarf-with-dsym";
				GCC_C_LANGUAGE_STANDARD = gnu99;
				GCC_DYNAMIC_NO_PIC = NO;
				GCC_ENABLE_EXCEPTIONS = YES;
				GCC_ENABLE_FIX_AND_CONTINUE = YES;
				GCC_ENABLE_OBJC_EXCEPTIONS = YES;
				GCC_OPTIMIZATION_LEVEL = 0;
				GCC_PRECOMPILE_PREFIX_HEADER = YES;
				GCC_PREFIX_HEADER = bnetd/bnetd_prefix.h;
				GCC_PREPROCESSOR_DEFINITIONS = (
					"DEBUG=1",
					"$(inherited)",
				);
				GCC_SYMBOLS_PRIVATE_EXTERN = NO;
				GCC_WARN_64_TO_32_BIT_CONVERSION = YES;
				GCC_WARN_ABOUT_GLOBAL_CONSTRUCTORS = YES;
				GCC_WARN_ABOUT_MISSING_FIELD_INITIALIZERS = YES;
				GCC_WARN_ABOUT_MISSING_NEWLINE = YES;
				GCC_WARN_ABOUT_MISSING_PROTOTYPES = YES;
				GCC_WARN_ABOUT_RETURN_TYPE = YES;
				GCC_WARN_CHECK_SWITCH_STATEMENTS = YES;
				GCC_WARN_EFFECTIVE_CPLUSPLUS_VIOLATIONS = YES;
				GCC_WARN_FOUR_CHARACTER_CONSTANTS = YES;
				GCC_WARN_HIDDEN_VIRTUAL_FUNCTIONS = YES;
				GCC_WARN_INITIALIZER_NOT_FULLY_BRACKETED = YES;
				GCC_WARN_MISSING_PARENTHESES = YES;
				GCC_WARN_MULTIPLE_DEFINITION_TYPES_FOR_SELECTOR = YES;
				GCC_WARN_NON_VIRTUAL_DESTRUCTOR = YES;
				GCC_WARN_PEDANTIC = YES;
				GCC_WARN_PROTOTYPE_CONVERSION = YES;
				GCC_WARN_SHADOW = YES;
				GCC_WARN_SIGN_COMPARE = YES;
				GCC_WARN_STRICT_SELECTOR_MATCH = YES;
				GCC_WARN_UNDECLARED_SELECTOR = YES;
				GCC_WARN_UNKNOWN_PRAGMAS = YES;
				GCC_WARN_UNUSED_FUNCTION = YES;
				GCC_WARN_UNUSED_LABEL = YES;
				GCC_WARN_UNUSED_PARAMETER = YES;
				GCC_WARN_UNUSED_VALUE = YES;
				GCC_WARN_UNUSED_VARIABLE = YES;
				GENERATE_PKGINFO_FILE = YES;
				GENERATE_PROFILING_CODE = YES;
				LD_GENERATE_MAP_FILE = YES;
				MACOSX_DEPLOYMENT_TARGET = 10.6;
				ONLY_ACTIVE_ARCH = YES;
				RUN_CLANG_STATIC_ANALYZER = YES;
				SCAN_ALL_SOURCE_FILES_FOR_INCLUDES = YES;
				SDKROOT = "";
				VALIDATE_PRODUCT = YES;
			};
			name = Debug;
		};
		613D92C616BFB8C4008BA576 /* Release */ = {
			isa = XCBuildConfiguration;
			buildSettings = {
				ALWAYS_SEARCH_USER_PATHS = NO;
				ARCHS = "$(ARCHS_STANDARD_64_BIT)";
				CLANG_CXX_LANGUAGE_STANDARD = "gnu++0x";
				CLANG_CXX_LIBRARY = "libc++";
				CLANG_WARN_CONSTANT_CONVERSION = YES;
				CLANG_WARN_EMPTY_BODY = YES;
				CLANG_WARN_ENUM_CONVERSION = YES;
				CLANG_WARN_INT_CONVERSION = YES;
				CLANG_WARN__DUPLICATE_METHOD_MATCH = YES;
				COPY_PHASE_STRIP = YES;
				DEBUG_INFORMATION_FORMAT = "dwarf-with-dsym";
				GCC_C_LANGUAGE_STANDARD = gnu99;
				GCC_ENABLE_OBJC_EXCEPTIONS = YES;
				GCC_WARN_64_TO_32_BIT_CONVERSION = YES;
				GCC_WARN_ABOUT_RETURN_TYPE = YES;
				GCC_WARN_UNINITIALIZED_AUTOS = YES;
				GCC_WARN_UNUSED_VARIABLE = YES;
				MACOSX_DEPLOYMENT_TARGET = 10.7;
				SDKROOT = macosx;
			};
			name = Release;
		};
		613D92C816BFB8C4008BA576 /* Debug */ = {
			isa = XCBuildConfiguration;
			buildSettings = {
				PRODUCT_NAME = "$(TARGET_NAME)";
			};
			name = Debug;
		};
		613D92C916BFB8C4008BA576 /* Release */ = {
			isa = XCBuildConfiguration;
			buildSettings = {
				PRODUCT_NAME = "$(TARGET_NAME)";
			};
			name = Release;
		};
/* End XCBuildConfiguration section */

/* Begin XCConfigurationList section */
		613D92B916BFB8C4008BA576 /* Build configuration list for PBXProject "bnetd" */ = {
			isa = XCConfigurationList;
			buildConfigurations = (
				613D92C516BFB8C4008BA576 /* Debug */,
				613D92C616BFB8C4008BA576 /* Release */,
			);
			defaultConfigurationIsVisible = 0;
			defaultConfigurationName = Release;
		};
		613D92C716BFB8C4008BA576 /* Build configuration list for PBXNativeTarget "bnetd" */ = {
			isa = XCConfigurationList;
			buildConfigurations = (
				613D92C816BFB8C4008BA576 /* Debug */,
				613D92C916BFB8C4008BA576 /* Release */,
			);
			defaultConfigurationIsVisible = 0;
			defaultConfigurationName = Release;
		};
/* End XCConfigurationList section */
	};
	rootObject = 613D92B616BFB8C4008BA576 /* Project object */;
}
